
Microsoft Visual Studio Solution File, Format Version 12.00
# Visual Studio Version 17
VisualStudioVersion = 17.0.32112.339
MinimumVisualStudioVersion = 10.0.40219.1
Project("{FAE04EC0-301F-11D3-BF4B-00C04F79EFBC}") = "Accelist.WebApiStandard", "Accelist.WebApiStandard\Accelist.WebApiStandard.csproj", "{B26F318B-4B2F-470D-B462-FB4BB64E2FD0}"
EndProject
Project("{FAE04EC0-301F-11D3-BF4B-00C04F79EFBC}") = "Accelist.WebApiStandard.Logics", "Accelist.WebApiStandard.Logics\Accelist.WebApiStandard.Logics.csproj", "{9FFF41CE-6F4A-4F4F-8CDE-F389496855B9}"
EndProject
Project("{FAE04EC0-301F-11D3-BF4B-00C04F79EFBC}") = "Accelist.WebApiStandard.Entities", "Accelist.WebApiStandard.Entities\Accelist.WebApiStandard.Entities.csproj", "{554D84B1-B784-4D7F-9320-95A7322F989D}"
EndProject
Global
	GlobalSection(SolutionConfigurationPlatforms) = preSolution
		Debug|Any CPU = Debug|Any CPU
		Release|Any CPU = Release|Any CPU
	EndGlobalSection
	GlobalSection(ProjectConfigurationPlatforms) = postSolution
		{B26F318B-4B2F-470D-B462-FB4BB64E2FD0}.Debug|Any CPU.ActiveCfg = Debug|Any CPU
		{B26F318B-4B2F-470D-B462-FB4BB64E2FD0}.Debug|Any CPU.Build.0 = Debug|Any CPU
		{B26F318B-4B2F-470D-B462-FB4BB64E2FD0}.Release|Any CPU.ActiveCfg = Release|Any CPU
		{B26F318B-4B2F-470D-B462-FB4BB64E2FD0}.Release|Any CPU.Build.0 = Release|Any CPU
		{9FFF41CE-6F4A-4F4F-8CDE-F389496855B9}.Debug|Any CPU.ActiveCfg = Debug|Any CPU
		{9FFF41CE-6F4A-4F4F-8CDE-F389496855B9}.Debug|Any CPU.Build.0 = Debug|Any CPU
		{9FFF41CE-6F4A-4F4F-8CDE-F389496855B9}.Release|Any CPU.ActiveCfg = Release|Any CPU
		{9FFF41CE-6F4A-4F4F-8CDE-F389496855B9}.Release|Any CPU.Build.0 = Release|Any CPU
		{554D84B1-B784-4D7F-9320-95A7322F989D}.Debug|Any CPU.ActiveCfg = Debug|Any CPU
		{554D84B1-B784-4D7F-9320-95A7322F989D}.Debug|Any CPU.Build.0 = Debug|Any CPU
		{554D84B1-B784-4D7F-9320-95A7322F989D}.Release|Any CPU.ActiveCfg = Release|Any CPU
		{554D84B1-B784-4D7F-9320-95A7322F989D}.Release|Any CPU.Build.0 = Release|Any CPU
	EndGlobalSection
	GlobalSection(SolutionProperties) = preSolution
		HideSolutionNode = FALSE
	EndGlobalSection
	GlobalSection(ExtensibilityGlobals) = postSolution
		SolutionGuid = {EB378958-B384-4B00-A47B-4134DF4113BB}
	EndGlobalSection
EndGlobal
